<?xml version="1.0" encoding="utf-8"?>
<Project ToolsVersion="4.0" xmlns="http://schemas.microsoft.com/developer/msbuild/2003">
  <ItemGroup>
    <Filter Include="Source Files">
      <UniqueIdentifier>{4FC737F1-C7A5-4376-A066-2A32D752A2FF}</UniqueIdentifier>
      <Extensions>cpp;c;cc;cxx;def;odl;idl;hpj;bat;asm;asmx</Extensions>
    </Filter>
    <Filter Include="Header Files">
      <UniqueIdentifier>{93995380-89BD-4b04-88EB-625FBE52EBFB}</UniqueIdentifier>
      <Extensions>h;hh;hpp;hxx;hm;inl;inc;xsd</Extensions>
    </Filter>
    <Filter Include="Resource Files">
      <UniqueIdentifier>{67DA6AB6-F800-4c08-8B7A-83BB121AAD01}</UniqueIdentifier>
      <Extensions>rc;ico;cur;bmp;dlg;rc2;rct;bin;rgs;gif;jpg;jpeg;jpe;resx;tiff;tif;png;wav</Extensions>
    </Filter>
  </ItemGroup>
  <ItemGroup>
    <ClCompile Include="bbb.cpp">
      <Filter>Source Files</Filter>
    </ClCompile>
    <ClCompile Include="bbbDlg.cpp">
      <Filter>Source Files</Filter>
    </ClCompile>
    <ClCompile Include="CustomGrid.cpp">
      <Filter>Source Files</Filter>
    </ClCompile>
    <ClCompile Include="D.cpp">
      <Filter>Source Files</Filter>
    </ClCompile>
    <ClCompile Include="DlgBookAdjust2.cpp">
      <Filter>Source Files</Filter>
    </ClCompile>
    <ClCompile Include="DlgBookAdjustPrice2.cpp">
      <Filter>Source Files</Filter>
    </ClCompile>
    <ClCompile Include="DlgBookInfo1.cpp">
      <Filter>Source Files</Filter>
    </ClCompile>
    <ClCompile Include="DlgBookInput2.cpp">
      <Filter>Source Files</Filter>
    </ClCompile>
    <ClCompile Include="DlgBookKinds1.cpp">
      <Filter>Source Files</Filter>
    </ClCompile>
    <ClCompile Include="DlgBookPrice2.cpp">
      <Filter>Source Files</Filter>
    </ClCompile>
    <ClCompile Include="DlgBookSale2.cpp">
      <Filter>Source Files</Filter>
    </ClCompile>
    <ClCompile Include="DlgConfigM.cpp">
      <Filter>Source Files</Filter>
    </ClCompile>
    <ClCompile Include="DlgDeskInfo1.cpp">
      <Filter>Source Files</Filter>
    </ClCompile>
    <ClCompile Include="DlgInputBack2.cpp">
      <Filter>Source Files</Filter>
    </ClCompile>
    <ClCompile Include="DlgInputBackQuery3.cpp">
      <Filter>Source Files</Filter>
    </ClCompile>
    <ClCompile Include="DlgInputQuery3.cpp">
      <Filter>Source Files</Filter>
    </ClCompile>
    <ClCompile Include="DlgLogin.cpp">
      <Filter>Source Files</Filter>
    </ClCompile>
    <ClCompile Include="DlgOperator1.cpp">
      <Filter>Source Files</Filter>
    </ClCompile>
    <ClCompile Include="DlgProviderInfo1.cpp">
      <Filter>Source Files</Filter>
    </ClCompile>
    <ClCompile Include="DlgSaleBack2.cpp">
      <Filter>Source Files</Filter>
    </ClCompile>
    <ClCompile Include="DlgSaleBackQuery3.cpp">
      <Filter>Source Files</Filter>
    </ClCompile>
    <ClCompile Include="DlgSaleQuery3.cpp">
      <Filter>Source Files</Filter>
    </ClCompile>
    <ClCompile Include="DlgStoreInfo1.cpp">
      <Filter>Source Files</Filter>
    </ClCompile>
    <ClCompile Include="KeyEdit.cpp">
      <Filter>Source Files</Filter>
    </ClCompile>
    <ClCompile Include="MyCoolMenu.cpp">
      <Filter>Source Files</Filter>
    </ClCompile>
    <ClCompile Include="PrintDoc.cpp">
      <Filter>Source Files</Filter>
    </ClCompile>
    <ClCompile Include="PrintFram.cpp">
      <Filter>Source Files</Filter>
    </ClCompile>
    <ClCompile Include="PrintView.cpp">
      <Filter>Source Files</Filter>
    </ClCompile>
    <ClCompile Include="Report.cpp">
      <Filter>Source Files</Filter>
    </ClCompile>
    <ClCompile Include="StdAfx.cpp">
      <Filter>Source Files</Filter>
    </ClCompile>
    <ClCompile Include="TabSheet.cpp">
      <Filter>Source Files</Filter>
    </ClCompile>
  </ItemGroup>
  <ItemGroup>
    <ClInclude Include="bbb.h">
      <Filter>Header Files</Filter>
    </ClInclude>
    <ClInclude Include="bbbDlg.h">
      <Filter>Header Files</Filter>
    </ClInclude>
    <ClInclude Include="CustomGrid.h">
      <Filter>Header Files</Filter>
    </ClInclude>
    <ClInclude Include="DlgBookAdjust2.h">
      <Filter>Header Files</Filter>
    </ClInclude>
    <ClInclude Include="DlgBookAdjustPrice2.h">
      <Filter>Header Files</Filter>
    </ClInclude>
    <ClInclude Include="DlgBookInfo1.h">
      <Filter>Header Files</Filter>
    </ClInclude>
    <ClInclude Include="DlgBookInput2.h">
      <Filter>Header Files</Filter>
    </ClInclude>
    <ClInclude Include="DlgBookKinds1.h">
      <Filter>Header Files</Filter>
    </ClInclude>
    <ClInclude Include="DlgBookPrice2.h">
      <Filter>Header Files</Filter>
    </ClInclude>
    <ClInclude Include="DlgBookSale2.h">
      <Filter>Header Files</Filter>
    </ClInclude>
    <ClInclude Include="DlgConfigM.h">
      <Filter>Header Files</Filter>
    </ClInclude>
    <ClInclude Include="DlgDeskInfo1.h">
      <Filter>Header Files</Filter>
    </ClInclude>
    <ClInclude Include="DlgInputBack2.h">
      <Filter>Header Files</Filter>
    </ClInclude>
    <ClInclude Include="DlgInputBackQuery3.h">
      <Filter>Header Files</Filter>
    </ClInclude>
    <ClInclude Include="DlgInputQuery3.h">
      <Filter>Header Files</Filter>
    </ClInclude>
    <ClInclude Include="DlgLogin.h">
      <Filter>Header Files</Filter>
    </ClInclude>
    <ClInclude Include="DlgOperator1.h">
      <Filter>Header Files</Filter>
    </ClInclude>
    <ClInclude Include="DlgProviderInfo1.h">
      <Filter>Header Files</Filter>
    </ClInclude>
    <ClInclude Include="DlgSaleBack2.h">
      <Filter>Header Files</Filter>
    </ClInclude>
    <ClInclude Include="DlgSaleBackQuery3.h">
      <Filter>Header Files</Filter>
    </ClInclude>
    <ClInclude Include="DlgSaleQuery3.h">
      <Filter>Header Files</Filter>
    </ClInclude>
    <ClInclude Include="DlgStoreInfo1.h">
      <Filter>Header Files</Filter>
    </ClInclude>
    <ClInclude Include="KeyEdit.h">
      <Filter>Header Files</Filter>
    </ClInclude>
    <ClInclude Include="MyCoolMenu.h">
      <Filter>Header Files</Filter>
    </ClInclude>
    <ClInclude Include="PrintDoc.h">
      <Filter>Header Files</Filter>
    </ClInclude>
    <ClInclude Include="PrintFram.h">
      <Filter>Header Files</Filter>
    </ClInclude>
    <ClInclude Include="PrintView.h">
      <Filter>Header Files</Filter>
    </ClInclude>
    <ClInclude Include="pub.h">
      <Filter>Header Files</Filter>
    </ClInclude>
    <ClInclude Include="Report.h">
      <Filter>Header Files</Filter>
    </ClInclude>
    <ClInclude Include="resource.h">
      <Filter>Header Files</Filter>
    </ClInclude>
    <ClInclude Include="SkinPlusPlus.h">
      <Filter>Header Files</Filter>
    </ClInclude>
    <ClInclude Include="StdAfx.h">
      <Filter>Header Files</Filter>
    </ClInclude>
    <ClInclude Include="TabSheet.h">
      <Filter>Header Files</Filter>
    </ClInclude>
  </ItemGroup>
  <ItemGroup>
    <None Include="resource.hm">
      <Filter>Header Files</Filter>
    </None>
    <None Include="res\bbb.rc2">
      <Filter>Resource Files</Filter>
    </None>
    <None Include="res\jpg1.bin">
      <Filter>Resource Files</Filter>
    </None>
  </ItemGroup>
  <ItemGroup>
    <ResourceCompile Include="bbb.rc">
      <Filter>Resource Files</Filter>
    </ResourceCompile>
  </ItemGroup>
  <ItemGroup>
    <Image Include="res\BaseInfo.ico">
      <Filter>Resource Files</Filter>
    </Image>
    <Image Include="res\folder users.ico">
      <Filter>Resource Files</Filter>
    </Image>
    <Image Include="res\clipboard02.ico">
      <Filter>Resource Files</Filter>
    </Image>
    <Image Include="res\FindInfo.ico">
      <Filter>Resource Files</Filter>
    </Image>
    <Image Include="res\icon14.ico">
      <Filter>Resource Files</Filter>
    </Image>
    <Image Include="res\InputStore.ico">
      <Filter>Resource Files</Filter>
    </Image>
    <Image Include="res\MessageMode.ico">
      <Filter>Resource Files</Filter>
    </Image>
    <Image Include="res\MsgNoRead.ico">
      <Filter>Resource Files</Filter>
    </Image>
    <Image Include="res\Recycle Red.ico">
      <Filter>Resource Files</Filter>
    </Image>
    <Image Include="res\Recycle.ico">
      <Filter>Resource Files</Filter>
    </Image>
    <Image Include="res\Right6_32x32x256.ico">
      <Filter>Resource Files</Filter>
    </Image>
    <Image Include="res\Shut Down.ico">
      <Filter>Resource Files</Filter>
    </Image>
    <Image Include="res\ADD.ICO">
      <Filter>Resource Files</Filter>
    </Image>
    <Image Include="res\DEL.ICO">
      <Filter>Resource Files</Filter>
    </Image>
    <Image Include="res\end.ico">
      <Filter>Resource Files</Filter>
    </Image>
    <Image Include="res\first.ico">
      <Filter>Resource Files</Filter>
    </Image>
    <Image Include="res\Left6_32x32x256.ico">
      <Filter>Resource Files</Filter>
    </Image>
    <Image Include="res\MODFY.ico">
      <Filter>Resource Files</Filter>
    </Image>
    <Image Include="res\QUERY.ICO">
      <Filter>Resource Files</Filter>
    </Image>
    <Image Include="res\toolbar1.bmp">
      <Filter>Resource Files</Filter>
    </Image>
    <Image Include="res\mainfram.bmp">
      <Filter>Resource Files</Filter>
    </Image>
    <Image Include="res\1-1-1.bmp">
      <Filter>Resource Files</Filter>
    </Image>
    <Image Include="res\1-1-4.bmp">
      <Filter>Resource Files</Filter>
    </Image>
    <Image Include="res\a.bmp">
      <Filter>Resource Files</Filter>
    </Image>
    <Image Include="res\b.bmp">
      <Filter>Resource Files</Filter>
    </Image>
    <Image Include="res\bb.bmp">
      <Filter>Resource Files</Filter>
    </Image>
    <Image Include="res\aa.bmp">
      <Filter>Resource Files</Filter>
    </Image>
    <Image Include="res\按钮-4 拷贝.bmp">
      <Filter>Resource Files</Filter>
    </Image>
    <Image Include="res\按钮-2 拷贝.bmp">
      <Filter>Resource Files</Filter>
    </Image>
    <Image Include="res\按钮-3 拷贝.bmp">
      <Filter>Resource Files</Filter>
    </Image>
    <Image Include="res\按钮-1 拷贝.bmp">
      <Filter>Resource Files</Filter>
    </Image>
    <Image Include="res\d1.bmp">
      <Filter>Resource Files</Filter>
    </Image>
    <Image Include="res\b1.bmp">
      <Filter>Resource Files</Filter>
    </Image>
    <Image Include="res\c1.bmp">
      <Filter>Resource Files</Filter>
    </Image>
    <Image Include="res\a1.bmp">
      <Filter>Resource Files</Filter>
    </Image>
    <Image Include="res\资产设备管理系统主界面.bmp">
      <Filter>Resource Files</Filter>
    </Image>
    <Image Include="res\aaa.bmp">
      <Filter>Resource Files</Filter>
    </Image>
    <Image Include="res\图片2.bmp">
      <Filter>Resource Files</Filter>
    </Image>
    <Image Include="res\bitmap13.bmp">
      <Filter>Resource Files</Filter>
    </Image>
    <Image Include="res\bitmap14.bmp">
      <Filter>Resource Files</Filter>
    </Image>
    <Image Include="..\..\user18306\picture\C++开发图片\图片2.jpg">
      <Filter>Resource Files</Filter>
    </Image>
  </ItemGroup>
</Project>